
Microsoft Visual Studio Solution File, Format Version 12.00
# Visual Studio Version 17
VisualStudioVersion = 17.7.34031.279
MinimumVisualStudioVersion = 10.0.40219.1
Project("{9A19103F-16F7-4668-BE54-9A1E7A4F7556}") = "MauiLabs.View", "MauiLabs.View\MauiLabs.View.csproj", "{7ADCA1A4-8D43-4D7A-85ED-C50B24D9F0F5}"
EndProject
Project("{9A19103F-16F7-4668-BE54-9A1E7A4F7556}") = "MauiLabs.Dal", "MauiLabs.Dal\MauiLabs.Dal.csproj", "{F8A3D8C2-D169-4811-8116-A735B21D5222}"
EndProject
Project("{9A19103F-16F7-4668-BE54-9A1E7A4F7556}") = "MauiLabs.Api", "MauiLabs.Api\MauiLabs.Api.csproj", "{718C48AA-CBCE-4E37-91A1-50521BFE278D}"
EndProject
Global
	GlobalSection(SolutionConfigurationPlatforms) = preSolution
		Debug|Any CPU = Debug|Any CPU
		Release|Any CPU = Release|Any CPU
	EndGlobalSection
	GlobalSection(ProjectConfigurationPlatforms) = postSolution
		{7ADCA1A4-8D43-4D7A-85ED-C50B24D9F0F5}.Debug|Any CPU.ActiveCfg = Debug|Any CPU
		{7ADCA1A4-8D43-4D7A-85ED-C50B24D9F0F5}.Debug|Any CPU.Build.0 = Debug|Any CPU
		{7ADCA1A4-8D43-4D7A-85ED-C50B24D9F0F5}.Debug|Any CPU.Deploy.0 = Debug|Any CPU
		{7ADCA1A4-8D43-4D7A-85ED-C50B24D9F0F5}.Release|Any CPU.ActiveCfg = Release|Any CPU
		{7ADCA1A4-8D43-4D7A-85ED-C50B24D9F0F5}.Release|Any CPU.Build.0 = Release|Any CPU
		{7ADCA1A4-8D43-4D7A-85ED-C50B24D9F0F5}.Release|Any CPU.Deploy.0 = Release|Any CPU
		{F8A3D8C2-D169-4811-8116-A735B21D5222}.Debug|Any CPU.ActiveCfg = Debug|Any CPU
		{F8A3D8C2-D169-4811-8116-A735B21D5222}.Debug|Any CPU.Build.0 = Debug|Any CPU
		{F8A3D8C2-D169-4811-8116-A735B21D5222}.Release|Any CPU.ActiveCfg = Release|Any CPU
		{F8A3D8C2-D169-4811-8116-A735B21D5222}.Release|Any CPU.Build.0 = Release|Any CPU
		{718C48AA-CBCE-4E37-91A1-50521BFE278D}.Debug|Any CPU.ActiveCfg = Debug|Any CPU
		{718C48AA-CBCE-4E37-91A1-50521BFE278D}.Debug|Any CPU.Build.0 = Debug|Any CPU
		{718C48AA-CBCE-4E37-91A1-50521BFE278D}.Release|Any CPU.ActiveCfg = Release|Any CPU
		{718C48AA-CBCE-4E37-91A1-50521BFE278D}.Release|Any CPU.Build.0 = Release|Any CPU
	EndGlobalSection
	GlobalSection(SolutionProperties) = preSolution
		HideSolutionNode = FALSE
	EndGlobalSection
	GlobalSection(ExtensibilityGlobals) = postSolution
		SolutionGuid = {9B5F774B-737D-4D30-A51F-5485B6258550}
	EndGlobalSection
EndGlobal
